
Microsoft Visual Studio Solution File, Format Version 12.00
# Visual Studio 2012
Project("{FAE04EC0-301F-11D3-BF4B-00C04F79EFBC}") = "AggregatedValuesFeatureService", "AggregatedValuesFeatureService\AggregatedValuesFeatureService.csproj", "{EBFB74F4-B96B-4465-9FFA-3DDD8C662399}"
EndProject
Global
	GlobalSection(SolutionConfigurationPlatforms) = preSolution
		Debug|Any CPU = Debug|Any CPU
		Release|Any CPU = Release|Any CPU
	EndGlobalSection
	GlobalSection(ProjectConfigurationPlatforms) = postSolution
		{EBFB74F4-B96B-4465-9FFA-3DDD8C662399}.Debug|Any CPU.ActiveCfg = Debug|Any CPU
		{EBFB74F4-B96B-4465-9FFA-3DDD8C662399}.Debug|Any CPU.Build.0 = Debug|Any CPU
		{EBFB74F4-B96B-4465-9FFA-3DDD8C662399}.Release|Any CPU.ActiveCfg = Release|Any CPU
		{EBFB74F4-B96B-4465-9FFA-3DDD8C662399}.Release|Any CPU.Build.0 = Release|Any CPU
	EndGlobalSection
	GlobalSection(SolutionProperties) = preSolution
		HideSolutionNode = FALSE
	EndGlobalSection
EndGlobal
